
Microsoft Visual Studio Solution File, Format Version 12.00
# Visual Studio 2012
Project("{FAE04EC0-301F-11D3-BF4B-00C04F79EFBC}") = "Websites", "Websites\Websites.csproj", "{9E95A9EE-614A-4DAD-8A97-742EEED94B9A}"
EndProject
Global
	GlobalSection(SolutionConfigurationPlatforms) = preSolution
		Debug|Any CPU = Debug|Any CPU
		Release|Any CPU = Release|Any CPU
	EndGlobalSection
	GlobalSection(ProjectConfigurationPlatforms) = postSolution
		{9E95A9EE-614A-4DAD-8A97-742EEED94B9A}.Debug|Any CPU.ActiveCfg = Debug|Any CPU
		{9E95A9EE-614A-4DAD-8A97-742EEED94B9A}.Debug|Any CPU.Build.0 = Debug|Any CPU
		{9E95A9EE-614A-4DAD-8A97-742EEED94B9A}.Release|Any CPU.ActiveCfg = Release|Any CPU
		{9E95A9EE-614A-4DAD-8A97-742EEED94B9A}.Release|Any CPU.Build.0 = Release|Any CPU
	EndGlobalSection
EndGlobal
